{
	"name": "Yarn",
	"version": "0.2.1",
	"lockfileVersion": 1,
	"requires": true,
	"dependencies": {
		"async": {
			"version": "1.2.1",
			"resolved": "https://registry.npmjs.org/async/-/async-1.2.1.tgz",
			"integrity": "sha1-pIFqF81f9RbfosdpikUzabl5DeA="
		},
		"clone": {
			"version": "1.0.2",
			"resolved": "https://registry.npmjs.org/clone/-/clone-1.0.2.tgz",
			"integrity": "sha1-Jgt6meux7f4kdTgXX3gyQ8sZ0Uk="
		},
		"jfs": {
			"version": "0.2.6",
			"resolved": "https://registry.npmjs.org/jfs/-/jfs-0.2.6.tgz",
			"integrity": "sha1-hRtyjuXP9EmFXPmtVU9KXhSraRI=",
			"requires": {
				"async": "1.2.1",
				"clone": "1.0.2",
				"mkdirp": "0.5.1",
				"node-uuid": "1.4.8"
			}
		},
		"minimist": {
			"version": "0.0.8",
			"resolved": "https://registry.npmjs.org/minimist/-/minimist-0.0.8.tgz",
			"integrity": "sha1-hX/Kv8M5fSYluCKCYuhqp6ARsF0="
		},
		"mkdirp": {
			"version": "0.5.1",
			"resolved": "https://registry.npmjs.org/mkdirp/-/mkdirp-0.5.1.tgz",
			"integrity": "sha1-MAV0OOrGz3+MR2fzhkjWaX11yQM=",
			"requires": {
				"minimist": "0.0.8"
			}
		},
		"node-uuid": {
			"version": "1.4.8",
			"resolved": "https://registry.npmjs.org/node-uuid/-/node-uuid-1.4.8.tgz",
			"integrity": "sha1-sEDrCSOWivq/jTL7HxfxFn/auQc="
		}
	}
}
